{
  "name": "algonova-frontend",
  "version": "1.0.0",
  "lockfileVersion": 3,
  "requires": true,
  "packages": {
    "": {
      "name": "algonova-frontend",
      "version": "1.0.0",
      "dependencies": {
        "dotenv": "^16.4.5",
        "algosdk": "^2.7.0"
      },
      "devDependencies": {
        "live-server": "^1.2.2"
      }
    }
  }
}
